
Microsoft Visual Studio Solution File, Format Version 12.00
Project("{FAE04EC0-301F-11D3-BF4B-00C04F79EFBC}") = "AttendanceRecorder.ConsoleApp", "AttendanceRecorder.ConsoleApp\AttendanceRecorder.ConsoleApp.csproj", "{324DEF81-5BEE-4972-B2CE-12ABCFD11DFC}"
EndProject
Project("{FAE04EC0-301F-11D3-BF4B-00C04F79EFBC}") = "AttendanceRecorder.LifeSign", "AttendanceRecorder.LifeSign\AttendanceRecorder.LifeSign.csproj", "{76FE8BC4-ACC8-4C7F-B4B1-07E0E8089777}"
EndProject
Project("{FAE04EC0-301F-11D3-BF4B-00C04F79EFBC}") = "AttendanceRecorder.WebApi", "AttendanceRecorder.WebApi\AttendanceRecorder.WebApi.csproj", "{8FCB749B-38C8-48BA-84A3-7196BBA23734}"
EndProject
Project("{FAE04EC0-301F-11D3-BF4B-00C04F79EFBC}") = "AttendanceRecorder.FileSystemStorage", "AttendanceRecorder.FileSystemStorage\AttendanceRecorder.FileSystemStorage.csproj", "{5286935F-78DC-4621-A09C-AB636BDFE2B5}"
EndProject
Project("{2150E333-8FDC-42A3-9474-1A3956D46DE8}") = "SolutionItems", "SolutionItems", "{9AA51EC0-4B8E-4D08-A37C-A5C12C3A346F}"
	ProjectSection(SolutionItems) = preProject
		.editorconfig = .editorconfig
		Directory.Build.props = Directory.Build.props
		AttendanceRecorder.sln.DotSettings = AttendanceRecorder.sln.DotSettings
		.gitignore = .gitignore
		README.md = README.md
	EndProjectSection
EndProject
Project("{FAE04EC0-301F-11D3-BF4B-00C04F79EFBC}") = "AttendanceRecorder.WebApi.UnitTests", "AttendanceRecorder.WebApi.UnitTests\AttendanceRecorder.WebApi.UnitTests.csproj", "{98FCD1A3-B6C0-485F-ACCF-C8AE9068777E}"
EndProject
Project("{FAE04EC0-301F-11D3-BF4B-00C04F79EFBC}") = "AttendanceRecorder.WebApi.IntegrationTests", "AttendanceRecorder.WebApi.IntegrationTests\AttendanceRecorder.WebApi.IntegrationTests.csproj", "{AE80FB0B-F8E7-4D6D-BEB1-0A4A95C3A8E6}"
EndProject
Global
	GlobalSection(SolutionConfigurationPlatforms) = preSolution
		Debug|Any CPU = Debug|Any CPU
		Release|Any CPU = Release|Any CPU
	EndGlobalSection
	GlobalSection(ProjectConfigurationPlatforms) = postSolution
		{324DEF81-5BEE-4972-B2CE-12ABCFD11DFC}.Debug|Any CPU.ActiveCfg = Debug|Any CPU
		{324DEF81-5BEE-4972-B2CE-12ABCFD11DFC}.Debug|Any CPU.Build.0 = Debug|Any CPU
		{324DEF81-5BEE-4972-B2CE-12ABCFD11DFC}.Release|Any CPU.ActiveCfg = Release|Any CPU
		{324DEF81-5BEE-4972-B2CE-12ABCFD11DFC}.Release|Any CPU.Build.0 = Release|Any CPU
		{76FE8BC4-ACC8-4C7F-B4B1-07E0E8089777}.Debug|Any CPU.ActiveCfg = Debug|Any CPU
		{76FE8BC4-ACC8-4C7F-B4B1-07E0E8089777}.Debug|Any CPU.Build.0 = Debug|Any CPU
		{76FE8BC4-ACC8-4C7F-B4B1-07E0E8089777}.Release|Any CPU.ActiveCfg = Release|Any CPU
		{76FE8BC4-ACC8-4C7F-B4B1-07E0E8089777}.Release|Any CPU.Build.0 = Release|Any CPU
		{8FCB749B-38C8-48BA-84A3-7196BBA23734}.Debug|Any CPU.ActiveCfg = Debug|Any CPU
		{8FCB749B-38C8-48BA-84A3-7196BBA23734}.Debug|Any CPU.Build.0 = Debug|Any CPU
		{8FCB749B-38C8-48BA-84A3-7196BBA23734}.Release|Any CPU.ActiveCfg = Release|Any CPU
		{8FCB749B-38C8-48BA-84A3-7196BBA23734}.Release|Any CPU.Build.0 = Release|Any CPU
		{5286935F-78DC-4621-A09C-AB636BDFE2B5}.Debug|Any CPU.ActiveCfg = Debug|Any CPU
		{5286935F-78DC-4621-A09C-AB636BDFE2B5}.Debug|Any CPU.Build.0 = Debug|Any CPU
		{5286935F-78DC-4621-A09C-AB636BDFE2B5}.Release|Any CPU.ActiveCfg = Release|Any CPU
		{5286935F-78DC-4621-A09C-AB636BDFE2B5}.Release|Any CPU.Build.0 = Release|Any CPU
		{98FCD1A3-B6C0-485F-ACCF-C8AE9068777E}.Debug|Any CPU.ActiveCfg = Debug|Any CPU
		{98FCD1A3-B6C0-485F-ACCF-C8AE9068777E}.Debug|Any CPU.Build.0 = Debug|Any CPU
		{98FCD1A3-B6C0-485F-ACCF-C8AE9068777E}.Release|Any CPU.ActiveCfg = Release|Any CPU
		{98FCD1A3-B6C0-485F-ACCF-C8AE9068777E}.Release|Any CPU.Build.0 = Release|Any CPU
		{AE80FB0B-F8E7-4D6D-BEB1-0A4A95C3A8E6}.Debug|Any CPU.ActiveCfg = Debug|Any CPU
		{AE80FB0B-F8E7-4D6D-BEB1-0A4A95C3A8E6}.Debug|Any CPU.Build.0 = Debug|Any CPU
		{AE80FB0B-F8E7-4D6D-BEB1-0A4A95C3A8E6}.Release|Any CPU.ActiveCfg = Release|Any CPU
		{AE80FB0B-F8E7-4D6D-BEB1-0A4A95C3A8E6}.Release|Any CPU.Build.0 = Release|Any CPU
	EndGlobalSection
EndGlobal
